
Microsoft Visual Studio Solution File, Format Version 12.00
# Visual Studio Version 17
VisualStudioVersion = 17.3.32819.101
MinimumVisualStudioVersion = 10.0.40219.1
Project("{FAE04EC0-301F-11D3-BF4B-00C04F79EFBC}") = "CaseStudy", "CaseStudy.csproj", "{46915752-0349-4AF6-9626-AD99DE8BB881}"
EndProject
Global
	GlobalSection(SolutionConfigurationPlatforms) = preSolution
		Debug|Any CPU = Debug|Any CPU
		Release|Any CPU = Release|Any CPU
	EndGlobalSection
	GlobalSection(ProjectConfigurationPlatforms) = postSolution
		{46915752-0349-4AF6-9626-AD99DE8BB881}.Debug|Any CPU.ActiveCfg = Debug|Any CPU
		{46915752-0349-4AF6-9626-AD99DE8BB881}.Debug|Any CPU.Build.0 = Debug|Any CPU
		{46915752-0349-4AF6-9626-AD99DE8BB881}.Release|Any CPU.ActiveCfg = Release|Any CPU
		{46915752-0349-4AF6-9626-AD99DE8BB881}.Release|Any CPU.Build.0 = Release|Any CPU
	EndGlobalSection
	GlobalSection(SolutionProperties) = preSolution
		HideSolutionNode = FALSE
	EndGlobalSection
	GlobalSection(ExtensibilityGlobals) = postSolution
		SolutionGuid = {B3A4AD10-3EDC-41D0-AC18-47BD81A11BAC}
	EndGlobalSection
EndGlobal
